{
  "nodes": {
    "nixpkgs": {
      "locked": {
        "lastModified": 1773814637,
        "narHash": "sha256-GNU+ooRmrHLfjlMsKdn0prEKVa0faVanm0jrgu1J/gY=",
        "owner": "NixOS",
        "repo": "nixpkgs",
        "rev": "fea3b367d61c1a6592bc47c72f40a9f3e6a53e96",
        "type": "github"
      },
      "original": {
        "owner": "NixOS",
        "ref": "nixos-25.11",
        "repo": "nixpkgs",
        "type": "github"
      }
    },
    "org-mode-src": {
      "flake": false,
      "locked": {
        "lastModified": 1768407528,
        "narHash": "sha256-kPVFT2fgoOO5aCCAifzlSwDhMR2RqhhT1akOKfRyalw=",
        "ref": "dev",
        "rev": "1ef59f0aa02e3cff40bae68b756a29bc2001739e",
        "revCount": 28749,
        "type": "git",
        "url": "https://code.tecosaur.net/tec/org-mode.git"
      },
      "original": {
        "ref": "dev",
        "type": "git",
        "url": "https://code.tecosaur.net/tec/org-mode.git"
      }
    },
    "root": {
      "inputs": {
        "nixpkgs": "nixpkgs",
        "org-mode-src": "org-mode-src"
      }
    }
  },
  "root": "root",
  "version": 7
}
